// !$*UTF8*$!
{
	archiveVersion = 1;
	classes = {
	};
	objectVersion = 48;
	objects = {

/* Begin PBXBuildFile section */
		17844F832055ACB900F11C9A /* Area.cpp in Sources */ = {isa = PBXBuildFile; fileRef = 1788C37E204F87040004803F /* Area.cpp */; };
		17844F842055ACC700F11C9A /* Interactables.cpp in Sources */ = {isa = PBXBuildFile; fileRef = 1788C381204F87F50004803F /* Interactables.cpp */; };
		17844F852055ACCC00F11C9A /* Inventory.cpp in Sources */ = {isa = PBXBuildFile; fileRef = 1788C384204F88630004803F /* Inventory.cpp */; };
		17844F882055AF5A00F11C9A /* libTextAdventureEngine.a in Frameworks */ = {isa = PBXBuildFile; fileRef = 17844F782055AC7800F11C9A /* libTextAdventureEngine.a */; };
		17844F892055AFEE00F11C9A /* Game.cpp in Sources */ = {isa = PBXBuildFile; fileRef = 1788C387204F88D90004803F /* Game.cpp */; };
		1788C378204F84870004803F /* main.cpp in Sources */ = {isa = PBXBuildFile; fileRef = 1788C377204F84870004803F /* main.cpp */; };
/* End PBXBuildFile section */

/* Begin PBXCopyFilesBuildPhase section */
		1788C372204F84870004803F /* CopyFiles */ = {
			isa = PBXCopyFilesBuildPhase;
			buildActionMask = 2147483647;
			dstPath = /usr/share/man/man1/;
			dstSubfolderSpec = 0;
			files = (
			);
			runOnlyForDeploymentPostprocessing = 1;
		};
/* End PBXCopyFilesBuildPhase section */

/* Begin PBXFileReference section */
		17844F782055AC7800F11C9A /* libTextAdventureEngine.a */ = {isa = PBXFileReference; explicitFileType = archive.ar; includeInIndex = 0; path = libTextAdventureEngine.a; sourceTree = BUILT_PRODUCTS_DIR; };
		1788C374204F84870004803F /* C++ Project */ = {isa = PBXFileReference; explicitFileType = "compiled.mach-o.executable"; includeInIndex = 0; path = "C++ Project"; sourceTree = BUILT_PRODUCTS_DIR; };
		1788C377204F84870004803F /* main.cpp */ = {isa = PBXFileReference; lastKnownFileType = sourcecode.cpp.cpp; path = main.cpp; sourceTree = "<group>"; };
		1788C37E204F87040004803F /* Area.cpp */ = {isa = PBXFileReference; lastKnownFileType = sourcecode.cpp.cpp; path = Area.cpp; sourceTree = "<group>"; };
		1788C37F204F87050004803F /* Area.hpp */ = {isa = PBXFileReference; lastKnownFileType = sourcecode.cpp.h; path = Area.hpp; sourceTree = "<group>"; };
		1788C381204F87F50004803F /* Interactables.cpp */ = {isa = PBXFileReference; lastKnownFileType = sourcecode.cpp.cpp; path = Interactables.cpp; sourceTree = "<group>"; };
		1788C382204F87F50004803F /* Interactables.hpp */ = {isa = PBXFileReference; lastKnownFileType = sourcecode.cpp.h; path = Interactables.hpp; sourceTree = "<group>"; };
		1788C384204F88630004803F /* Inventory.cpp */ = {isa = PBXFileReference; lastKnownFileType = sourcecode.cpp.cpp; path = Inventory.cpp; sourceTree = "<group>"; };
		1788C385204F88630004803F /* Inventory.hpp */ = {isa = PBXFileReference; lastKnownFileType = sourcecode.cpp.h; path = Inventory.hpp; sourceTree = "<group>"; };
		1788C387204F88D90004803F /* Game.cpp */ = {isa = PBXFileReference; lastKnownFileType = sourcecode.cpp.cpp; path = Game.cpp; sourceTree = "<group>"; };
		1788C388204F88D90004803F /* Game.hpp */ = {isa = PBXFileReference; lastKnownFileType = sourcecode.cpp.h; path = Game.hpp; sourceTree = "<group>"; };
/* End PBXFileReference section */

/* Begin PBXFrameworksBuildPhase section */
		17844F752055AC7800F11C9A /* Frameworks */ = {
			isa = PBXFrameworksBuildPhase;
			buildActionMask = 2147483647;
			files = (
			);
			runOnlyForDeploymentPostprocessing = 0;
		};
		1788C371204F84870004803F /* Frameworks */ = {
			isa = PBXFrameworksBuildPhase;
			buildActionMask = 2147483647;
			files = (
				17844F882055AF5A00F11C9A /* libTextAdventureEngine.a in Frameworks */,
			);
			runOnlyForDeploymentPostprocessing = 0;
		};
/* End PBXFrameworksBuildPhase section */

/* Begin PBXGroup section */
		17844F792055AC7800F11C9A /* TextAdventureEngine */ = {
			isa = PBXGroup;
			children = (
				1788C385204F88630004803F /* Inventory.hpp */,
				1788C384204F88630004803F /* Inventory.cpp */,
				1788C382204F87F50004803F /* Interactables.hpp */,
				1788C381204F87F50004803F /* Interactables.cpp */,
				1788C37F204F87050004803F /* Area.hpp */,
				1788C37E204F87040004803F /* Area.cpp */,
			);
			path = TextAdventureEngine;
			sourceTree = "<group>";
		};
		17844F872055AF5A00F11C9A /* Frameworks */ = {
			isa = PBXGroup;
			children = (
			);
			name = Frameworks;
			sourceTree = "<group>";
		};
		1788C36B204F84860004803F = {
			isa = PBXGroup;
			children = (
				1788C376204F84870004803F /* C++ Project */,
				17844F792055AC7800F11C9A /* TextAdventureEngine */,
				1788C375204F84870004803F /* Products */,
				17844F872055AF5A00F11C9A /* Frameworks */,
			);
			sourceTree = "<group>";
		};
		1788C375204F84870004803F /* Products */ = {
			isa = PBXGroup;
			children = (
				1788C374204F84870004803F /* C++ Project */,
				17844F782055AC7800F11C9A /* libTextAdventureEngine.a */,
			);
			name = Products;
			sourceTree = "<group>";
		};
		1788C376204F84870004803F /* C++ Project */ = {
			isa = PBXGroup;
			children = (
				1788C377204F84870004803F /* main.cpp */,
				1788C387204F88D90004803F /* Game.cpp */,
				1788C388204F88D90004803F /* Game.hpp */,
			);
			path = "C++ Project";
			sourceTree = "<group>";
		};
/* End PBXGroup section */

/* Begin PBXHeadersBuildPhase section */
		17844F762055AC7800F11C9A /* Headers */ = {
			isa = PBXHeadersBuildPhase;
			buildActionMask = 2147483647;
			files = (
			);
			runOnlyForDeploymentPostprocessing = 0;
		};
/* End PBXHeadersBuildPhase section */

/* Begin PBXNativeTarget section */
		17844F772055AC7800F11C9A /* TextAdventureEngine */ = {
			isa = PBXNativeTarget;
			buildConfigurationList = 17844F822055AC7A00F11C9A /* Build configuration list for PBXNativeTarget "TextAdventureEngine" */;
			buildPhases = (
				17844F742055AC7800F11C9A /* Sources */,
				17844F752055AC7800F11C9A /* Frameworks */,
				17844F762055AC7800F11C9A /* Headers */,
			);
			buildRules = (
			);
			dependencies = (
			);
			name = TextAdventureEngine;
			productName = TextAdventureEngine;
			productReference = 17844F782055AC7800F11C9A /* libTextAdventureEngine.a */;
			productType = "com.apple.product-type.library.static";
		};
		1788C373204F84870004803F /* C++ Project */ = {
			isa = PBXNativeTarget;
			buildConfigurationList = 1788C37B204F84870004803F /* Build configuration list for PBXNativeTarget "C++ Project" */;
			buildPhases = (
				1788C370204F84870004803F /* Sources */,
				1788C371204F84870004803F /* Frameworks */,
				1788C372204F84870004803F /* CopyFiles */,
			);
			buildRules = (
			);
			dependencies = (
			);
			name = "C++ Project";
			productName = "C++ Project";
			productReference = 1788C374204F84870004803F /* C++ Project */;
			productType = "com.apple.product-type.tool";
		};
/* End PBXNativeTarget section */

/* Begin PBXProject section */
		1788C36C204F84860004803F /* Project object */ = {
			isa = PBXProject;
			attributes = {
				LastUpgradeCheck = 0920;
				ORGANIZATIONNAME = Stokesoft;
				TargetAttributes = {
					17844F772055AC7800F11C9A = {
						CreatedOnToolsVersion = 9.2;
						ProvisioningStyle = Automatic;
					};
					1788C373204F84870004803F = {
						CreatedOnToolsVersion = 9.2;
						ProvisioningStyle = Automatic;
					};
				};
			};
			buildConfigurationList = 1788C36F204F84860004803F /* Build configuration list for PBXProject "C++ Project" */;
			compatibilityVersion = "Xcode 8.0";
			developmentRegion = en;
			hasScannedForEncodings = 0;
			knownRegions = (
				en,
			);
			mainGroup = 1788C36B204F84860004803F;
			productRefGroup = 1788C375204F84870004803F /* Products */;
			projectDirPath = "";
			projectRoot = "";
			targets = (
				1788C373204F84870004803F /* C++ Project */,
				17844F772055AC7800F11C9A /* TextAdventureEngine */,
			);
		};
/* End PBXProject section */

/* Begin PBXSourcesBuildPhase section */
		17844F742055AC7800F11C9A /* Sources */ = {
			isa = PBXSourcesBuildPhase;
			buildActionMask = 2147483647;
			files = (
				17844F852055ACCC00F11C9A /* Inventory.cpp in Sources */,
				17844F842055ACC700F11C9A /* Interactables.cpp in Sources */,
				17844F832055ACB900F11C9A /* Area.cpp in Sources */,
			);
			runOnlyForDeploymentPostprocessing = 0;
		};
		1788C370204F84870004803F /* Sources */ = {
			isa = PBXSourcesBuildPhase;
			buildActionMask = 2147483647;
			files = (
				1788C378204F84870004803F /* main.cpp in Sources */,
				17844F892055AFEE00F11C9A /* Game.cpp in Sources */,
			);
			runOnlyForDeploymentPostprocessing = 0;
		};
/* End PBXSourcesBuildPhase section */

/* Begin XCBuildConfiguration section */
		17844F802055AC7900F11C9A /* Debug */ = {
			isa = XCBuildConfiguration;
			buildSettings = {
				CODE_SIGN_IDENTITY = "Mac Developer";
				CODE_SIGN_STYLE = Automatic;
				DEVELOPMENT_TEAM = 59UHNUU86S;
				EXECUTABLE_PREFIX = lib;
				GCC_ENABLE_CPP_EXCEPTIONS = YES;
				GCC_ENABLE_CPP_RTTI = YES;
				PRODUCT_NAME = "$(TARGET_NAME)";
			};
			name = Debug;
		};
		17844F812055AC7900F11C9A /* Release */ = {
			isa = XCBuildConfiguration;
			buildSettings = {
				CODE_SIGN_IDENTITY = "Mac Developer";
				CODE_SIGN_STYLE = Automatic;
				DEVELOPMENT_TEAM = 59UHNUU86S;
				EXECUTABLE_PREFIX = lib;
				GCC_ENABLE_CPP_EXCEPTIONS = YES;
				GCC_ENABLE_CPP_RTTI = YES;
				PRODUCT_NAME = "$(TARGET_NAME)";
			};
			name = Release;
		};
		1788C379204F84870004803F /* Debug */ = {
			isa = XCBuildConfiguration;
			buildSettings = {
				ALWAYS_SEARCH_USER_PATHS = NO;
				CLANG_ANALYZER_NONNULL = YES;
				CLANG_ANALYZER_NUMBER_OBJECT_CONVERSION = YES_AGGRESSIVE;
				CLANG_CXX_LANGUAGE_STANDARD = "gnu++14";
				CLANG_CXX_LIBRARY = "libc++";
				CLANG_ENABLE_MODULES = YES;
				CLANG_ENABLE_OBJC_ARC = YES;
				CLANG_WARN_BLOCK_CAPTURE_AUTORELEASING = YES;
				CLANG_WARN_BOOL_CONVERSION = YES;
				CLANG_WARN_COMMA = YES;
				CLANG_WARN_CONSTANT_CONVERSION = YES;
				CLANG_WARN_DIRECT_OBJC_ISA_USAGE = YES_ERROR;
				CLANG_WARN_DOCUMENTATION_COMMENTS = YES;
				CLANG_WARN_EMPTY_BODY = YES;
				CLANG_WARN_ENUM_CONVERSION = YES;
				CLANG_WARN_INFINITE_RECURSION = YES;
				CLANG_WARN_INT_CONVERSION = YES;
				CLANG_WARN_NON_LITERAL_NULL_CONVERSION = YES;
				CLANG_WARN_OBJC_LITERAL_CONVERSION = YES;
				CLANG_WARN_OBJC_ROOT_CLASS = YES_ERROR;
				CLANG_WARN_RANGE_LOOP_ANALYSIS = YES;
				CLANG_WARN_STRICT_PROTOTYPES = YES;
				CLANG_WARN_SUSPICIOUS_MOVE = YES;
				CLANG_WARN_UNGUARDED_AVAILABILITY = YES_AGGRESSIVE;
				CLANG_WARN_UNREACHABLE_CODE = YES;
				CLANG_WARN__DUPLICATE_METHOD_MATCH = YES;
				CODE_SIGN_IDENTITY = "-";
				COPY_PHASE_STRIP = NO;
				DEBUG_INFORMATION_FORMAT = dwarf;
				ENABLE_STRICT_OBJC_MSGSEND = YES;
				ENABLE_TESTABILITY = YES;
				GCC_C_LANGUAGE_STANDARD = gnu11;
				GCC_DYNAMIC_NO_PIC = NO;
				GCC_NO_COMMON_BLOCKS = YES;
				GCC_OPTIMIZATION_LEVEL = 0;
				GCC_PREPROCESSOR_DEFINITIONS = (
					"DEBUG=1",
					"$(inherited)",
				);
				GCC_WARN_64_TO_32_BIT_CONVERSION = YES;
				GCC_WARN_ABOUT_RETURN_TYPE = YES_ERROR;
				GCC_WARN_UNDECLARED_SELECTOR = YES;
				GCC_WARN_UNINITIALIZED_AUTOS = YES_AGGRESSIVE;
				GCC_WARN_UNUSED_FUNCTION = YES;
				GCC_WARN_UNUSED_VARIABLE = YES;
				MACOSX_DEPLOYMENT_TARGET = 10.12;
				MTL_ENABLE_DEBUG_INFO = YES;
				ONLY_ACTIVE_ARCH = YES;
				SDKROOT = macosx;
			};
			name = Debug;
		};
		1788C37A204F84870004803F /* Release */ = {
			isa = XCBuildConfiguration;
			buildSettings = {
				ALWAYS_SEARCH_USER_PATHS = NO;
				CLANG_ANALYZER_NONNULL = YES;
				CLANG_ANALYZER_NUMBER_OBJECT_CONVERSION = YES_AGGRESSIVE;
				CLANG_CXX_LANGUAGE_STANDARD = "gnu++14";
				CLANG_CXX_LIBRARY = "libc++";
				CLANG_ENABLE_MODULES = YES;
				CLANG_ENABLE_OBJC_ARC = YES;
				CLANG_WARN_BLOCK_CAPTURE_AUTORELEASING = YES;
				CLANG_WARN_BOOL_CONVERSION = YES;
				CLANG_WARN_COMMA = YES;
				CLANG_WARN_CONSTANT_CONVERSION = YES;
				CLANG_WARN_DIRECT_OBJC_ISA_USAGE = YES_ERROR;
				CLANG_WARN_DOCUMENTATION_COMMENTS = YES;
				CLANG_WARN_EMPTY_BODY = YES;
				CLANG_WARN_ENUM_CONVERSION = YES;
				CLANG_WARN_INFINITE_RECURSION = YES;
				CLANG_WARN_INT_CONVERSION = YES;
				CLANG_WARN_NON_LITERAL_NULL_CONVERSION = YES;
				CLANG_WARN_OBJC_LITERAL_CONVERSION = YES;
				CLANG_WARN_OBJC_ROOT_CLASS = YES_ERROR;
				CLANG_WARN_RANGE_LOOP_ANALYSIS = YES;
				CLANG_WARN_STRICT_PROTOTYPES = YES;
				CLANG_WARN_SUSPICIOUS_MOVE = YES;
				CLANG_WARN_UNGUARDED_AVAILABILITY = YES_AGGRESSIVE;
				CLANG_WARN_UNREACHABLE_CODE = YES;
				CLANG_WARN__DUPLICATE_METHOD_MATCH = YES;
				CODE_SIGN_IDENTITY = "-";
				COPY_PHASE_STRIP = NO;
				DEBUG_INFORMATION_FORMAT = "dwarf-with-dsym";
				ENABLE_NS_ASSERTIONS = NO;
				ENABLE_STRICT_OBJC_MSGSEND = YES;
				GCC_C_LANGUAGE_STANDARD = gnu11;
				GCC_NO_COMMON_BLOCKS = YES;
				GCC_WARN_64_TO_32_BIT_CONVERSION = YES;
				GCC_WARN_ABOUT_RETURN_TYPE = YES_ERROR;
				GCC_WARN_UNDECLARED_SELECTOR = YES;
				GCC_WARN_UNINITIALIZED_AUTOS = YES_AGGRESSIVE;
				GCC_WARN_UNUSED_FUNCTION = YES;
				GCC_WARN_UNUSED_VARIABLE = YES;
				MACOSX_DEPLOYMENT_TARGET = 10.12;
				MTL_ENABLE_DEBUG_INFO = NO;
				SDKROOT = macosx;
			};
			name = Release;
		};
		1788C37C204F84870004803F /* Debug */ = {
			isa = XCBuildConfiguration;
			buildSettings = {
				CODE_SIGN_STYLE = Automatic;
				PRODUCT_NAME = "$(TARGET_NAME)";
			};
			name = Debug;
		};
		1788C37D204F84870004803F /* Release */ = {
			isa = XCBuildConfiguration;
			buildSettings = {
				CODE_SIGN_STYLE = Automatic;
				PRODUCT_NAME = "$(TARGET_NAME)";
			};
			name = Release;
		};
/* End XCBuildConfiguration section */

/* Begin XCConfigurationList section */
		17844F822055AC7A00F11C9A /* Build configuration list for PBXNativeTarget "TextAdventureEngine" */ = {
			isa = XCConfigurationList;
			buildConfigurations = (
				17844F802055AC7900F11C9A /* Debug */,
				17844F812055AC7900F11C9A /* Release */,
			);
			defaultConfigurationIsVisible = 0;
			defaultConfigurationName = Release;
		};
		1788C36F204F84860004803F /* Build configuration list for PBXProject "C++ Project" */ = {
			isa = XCConfigurationList;
			buildConfigurations = (
				1788C379204F84870004803F /* Debug */,
				1788C37A204F84870004803F /* Release */,
			);
			defaultConfigurationIsVisible = 0;
			defaultConfigurationName = Release;
		};
		1788C37B204F84870004803F /* Build configuration list for PBXNativeTarget "C++ Project" */ = {
			isa = XCConfigurationList;
			buildConfigurations = (
				1788C37C204F84870004803F /* Debug */,
				1788C37D204F84870004803F /* Release */,
			);
			defaultConfigurationIsVisible = 0;
			defaultConfigurationName = Release;
		};
/* End XCConfigurationList section */
	};
	rootObject = 1788C36C204F84860004803F /* Project object */;
}
